hash: fa1fedc17af056bf25458cdd06238a07a8a632447dffd66bc9e511b3f4df35c9
updated: 2017-05-22T10:36:28.633389029+02:00
imports:
- name: github.com/robfig/cron
  version: b024fc5ea0e34bc3f83d9941c8d60b0622bfaca4
- name: github.com/thomasthep/snuk-challenges
  version: a175527839e8d72701d16bf5528e7e63be4d40bf
  subpackages:
  - mqtt
testImports: []
