hash: f00f1a29a4fa7c67c98c452afd77e3e93a9bab4bc67b38857d4a471e5da3885a
updated: 2017-05-22T15:03:34.822844931+02:00
imports:
- name: github.com/eclipse/paho.mqtt.golang
  version: 45f9b18f4864c81d49c3ed01e5faec9eeb05de31
  subpackages:
  - packets
- name: github.com/thomasthep/snuk-challenges
  version: 8cc616b9de712fa4716dc17c5431c705a934154d
  subpackages:
  - mqtt
- name: golang.org/x/net
  version: 513929065c19401a1c7b76ecd942f9f86a0c061b
  subpackages:
  - websocket
testImports: []
