hash: b60c9cf3d65f1abf422d8e2a25112162898caa20c9beb76ba0e05288ff2572c9
updated: 2017-05-19T17:32:40.637399219+02:00
imports:
- name: github.com/eclipse/paho.mqtt.golang
  version: 45f9b18f4864c81d49c3ed01e5faec9eeb05de31
- name: github.com/robfig/cron
  version: b024fc5ea0e34bc3f83d9941c8d60b0622bfaca4
testImports: []
