hash: 81cbc8823a317f081616a005ca936c5774d51d0b7474650a6e4600cf8cb0cbc9
updated: 2017-05-22T10:23:17.218766429+02:00
imports:
- name: github.com/eclipse/paho.mqtt.golang
  version: 45f9b18f4864c81d49c3ed01e5faec9eeb05de31
  subpackages:
  - packets
- name: golang.org/x/net
  version: 513929065c19401a1c7b76ecd942f9f86a0c061b
  subpackages:
  - websocket
testImports: []
